
Microsoft Visual Studio Solution File, Format Version 12.00
# Visual Studio Version 17
VisualStudioVersion = 17.4.33205.214
MinimumVisualStudioVersion = 10.0.40219.1
Project("{9A19103F-16F7-4668-BE54-9A1E7A4F7556}") = "YandexWeatherWriter", "ConsoleApp1\YandexWeatherWriter.csproj", "{0F996353-B74B-4F9E-90F5-F884FB8179DF}"
EndProject
Global
	GlobalSection(SolutionConfigurationPlatforms) = preSolution
		Debug|Any CPU = Debug|Any CPU
		Release|Any CPU = Release|Any CPU
	EndGlobalSection
	GlobalSection(ProjectConfigurationPlatforms) = postSolution
		{0F996353-B74B-4F9E-90F5-F884FB8179DF}.Debug|Any CPU.ActiveCfg = Debug|Any CPU
		{0F996353-B74B-4F9E-90F5-F884FB8179DF}.Debug|Any CPU.Build.0 = Debug|Any CPU
		{0F996353-B74B-4F9E-90F5-F884FB8179DF}.Release|Any CPU.ActiveCfg = Release|Any CPU
		{0F996353-B74B-4F9E-90F5-F884FB8179DF}.Release|Any CPU.Build.0 = Release|Any CPU
	EndGlobalSection
	GlobalSection(SolutionProperties) = preSolution
		HideSolutionNode = FALSE
	EndGlobalSection
	GlobalSection(ExtensibilityGlobals) = postSolution
		SolutionGuid = {CCA0A688-0EF4-40E1-98CB-DC3210CD9FA9}
	EndGlobalSection
EndGlobal
